
Microsoft Visual Studio Solution File, Format Version 12.00
# Visual Studio Version 16
VisualStudioVersion = 16.0.31911.196
MinimumVisualStudioVersion = 10.0.40219.1
Project("{8BC9CEB8-8B4A-11D0-8D11-00A0C91BC942}") = "BOJ_15649", "BOJ_15649\BOJ_15649.vcxproj", "{6595EE76-3256-4EE1-BD23-6ACDC8BABEB9}"
EndProject
Global
	GlobalSection(SolutionConfigurationPlatforms) = preSolution
		Debug|x64 = Debug|x64
		Release|x64 = Release|x64
	EndGlobalSection
	GlobalSection(ProjectConfigurationPlatforms) = postSolution
		{6595EE76-3256-4EE1-BD23-6ACDC8BABEB9}.Debug|x64.ActiveCfg = Debug|x64
		{6595EE76-3256-4EE1-BD23-6ACDC8BABEB9}.Debug|x64.Build.0 = Debug|x64
		{6595EE76-3256-4EE1-BD23-6ACDC8BABEB9}.Release|x64.ActiveCfg = Release|x64
		{6595EE76-3256-4EE1-BD23-6ACDC8BABEB9}.Release|x64.Build.0 = Release|x64
	EndGlobalSection
	GlobalSection(SolutionProperties) = preSolution
		HideSolutionNode = FALSE
	EndGlobalSection
	GlobalSection(ExtensibilityGlobals) = postSolution
		SolutionGuid = {C150809E-BC17-4E63-AADA-27C2348A69C0}
	EndGlobalSection
EndGlobal
